
Microsoft Visual Studio Solution File, Format Version 12.00
# Visual Studio 15
VisualStudioVersion = 15.0.28307.168
MinimumVisualStudioVersion = 10.0.40219.1
Project("{FAE04EC0-301F-11D3-BF4B-00C04F79EFBC}") = "XGPush.Android", "XGPush\XGPush.Android\XGPush.Android.csproj", "{89D60E98-3371-45F1-818A-8182DDE6B3CF}"
EndProject
Project("{FAE04EC0-301F-11D3-BF4B-00C04F79EFBC}") = "XGPush.iOS", "XGPush\XGPush.iOS\XGPush.iOS.csproj", "{B94A720A-2985-4BE5-8BE8-561B01261528}"
EndProject
Project("{FAE04EC0-301F-11D3-BF4B-00C04F79EFBC}") = "XGPush", "XGPush\XGPush\XGPush.csproj", "{F85B2E00-8ECE-4A2C-852C-ADE31189C040}"
EndProject
Project("{FAE04EC0-301F-11D3-BF4B-00C04F79EFBC}") = "XGPush.Droid.Binding", "XGPush.Droid.Binding\XGPush.Droid.Binding.csproj", "{1BAAF929-879B-4DF8-B661-532BBBEB7112}"
EndProject
Global
	GlobalSection(SolutionConfigurationPlatforms) = preSolution
		Ad-Hoc|Any CPU = Ad-Hoc|Any CPU
		Ad-Hoc|iPhone = Ad-Hoc|iPhone
		Ad-Hoc|iPhoneSimulator = Ad-Hoc|iPhoneSimulator
		AppStore|Any CPU = AppStore|Any CPU
		AppStore|iPhone = AppStore|iPhone
		AppStore|iPhoneSimulator = AppStore|iPhoneSimulator
		Debug|Any CPU = Debug|Any CPU
		Debug|iPhone = Debug|iPhone
		Debug|iPhoneSimulator = Debug|iPhoneSimulator
		Release|Any CPU = Release|Any CPU
		Release|iPhone = Release|iPhone
		Release|iPhoneSimulator = Release|iPhoneSimulator
	EndGlobalSection
	GlobalSection(ProjectConfigurationPlatforms) = postSolution
		{89D60E98-3371-45F1-818A-8182DDE6B3CF}.Ad-Hoc|Any CPU.ActiveCfg = Release|Any CPU
		{89D60E98-3371-45F1-818A-8182DDE6B3CF}.Ad-Hoc|Any CPU.Build.0 = Release|Any CPU
		{89D60E98-3371-45F1-818A-8182DDE6B3CF}.Ad-Hoc|Any CPU.Deploy.0 = Release|Any CPU
		{89D60E98-3371-45F1-818A-8182DDE6B3CF}.Ad-Hoc|iPhone.ActiveCfg = Release|Any CPU
		{89D60E98-3371-45F1-818A-8182DDE6B3CF}.Ad-Hoc|iPhone.Build.0 = Release|Any CPU
		{89D60E98-3371-45F1-818A-8182DDE6B3CF}.Ad-Hoc|iPhone.Deploy.0 = Release|Any CPU
		{89D60E98-3371-45F1-818A-8182DDE6B3CF}.Ad-Hoc|iPhoneSimulator.ActiveCfg = Release|Any CPU
		{89D60E98-3371-45F1-818A-8182DDE6B3CF}.Ad-Hoc|iPhoneSimulator.Build.0 = Release|Any CPU
		{89D60E98-3371-45F1-818A-8182DDE6B3CF}.Ad-Hoc|iPhoneSimulator.Deploy.0 = Release|Any CPU
		{89D60E98-3371-45F1-818A-8182DDE6B3CF}.AppStore|Any CPU.ActiveCfg = Release|Any CPU
		{89D60E98-3371-45F1-818A-8182DDE6B3CF}.AppStore|Any CPU.Build.0 = Release|Any CPU
		{89D60E98-3371-45F1-818A-8182DDE6B3CF}.AppStore|Any CPU.Deploy.0 = Release|Any CPU
		{89D60E98-3371-45F1-818A-8182DDE6B3CF}.AppStore|iPhone.ActiveCfg = Release|Any CPU
		{89D60E98-3371-45F1-818A-8182DDE6B3CF}.AppStore|iPhone.Build.0 = Release|Any CPU
		{89D60E98-3371-45F1-818A-8182DDE6B3CF}.AppStore|iPhone.Deploy.0 = Release|Any CPU
		{89D60E98-3371-45F1-818A-8182DDE6B3CF}.AppStore|iPhoneSimulator.ActiveCfg = Release|Any CPU
		{89D60E98-3371-45F1-818A-8182DDE6B3CF}.AppStore|iPhoneSimulator.Build.0 = Release|Any CPU
		{89D60E98-3371-45F1-818A-8182DDE6B3CF}.AppStore|iPhoneSimulator.Deploy.0 = Release|Any CPU
		{89D60E98-3371-45F1-818A-8182DDE6B3CF}.Debug|Any CPU.ActiveCfg = Debug|Any CPU
		{89D60E98-3371-45F1-818A-8182DDE6B3CF}.Debug|Any CPU.Build.0 = Debug|Any CPU
		{89D60E98-3371-45F1-818A-8182DDE6B3CF}.Debug|Any CPU.Deploy.0 = Debug|Any CPU
		{89D60E98-3371-45F1-818A-8182DDE6B3CF}.Debug|iPhone.ActiveCfg = Debug|Any CPU
		{89D60E98-3371-45F1-818A-8182DDE6B3CF}.Debug|iPhone.Build.0 = Debug|Any CPU
		{89D60E98-3371-45F1-818A-8182DDE6B3CF}.Debug|iPhone.Deploy.0 = Debug|Any CPU
		{89D60E98-3371-45F1-818A-8182DDE6B3CF}.Debug|iPhoneSimulator.ActiveCfg = Debug|Any CPU
		{89D60E98-3371-45F1-818A-8182DDE6B3CF}.Debug|iPhoneSimulator.Build.0 = Debug|Any CPU
		{89D60E98-3371-45F1-818A-8182DDE6B3CF}.Debug|iPhoneSimulator.Deploy.0 = Debug|Any CPU
		{89D60E98-3371-45F1-818A-8182DDE6B3CF}.Release|Any CPU.ActiveCfg = Release|Any CPU
		{89D60E98-3371-45F1-818A-8182DDE6B3CF}.Release|Any CPU.Build.0 = Release|Any CPU
		{89D60E98-3371-45F1-818A-8182DDE6B3CF}.Release|Any CPU.Deploy.0 = Release|Any CPU
		{89D60E98-3371-45F1-818A-8182DDE6B3CF}.Release|iPhone.ActiveCfg = Release|Any CPU
		{89D60E98-3371-45F1-818A-8182DDE6B3CF}.Release|iPhone.Build.0 = Release|Any CPU
		{89D60E98-3371-45F1-818A-8182DDE6B3CF}.Release|iPhone.Deploy.0 = Release|Any CPU
		{89D60E98-3371-45F1-818A-8182DDE6B3CF}.Release|iPhoneSimulator.ActiveCfg = Release|Any CPU
		{89D60E98-3371-45F1-818A-8182DDE6B3CF}.Release|iPhoneSimulator.Build.0 = Release|Any CPU
		{89D60E98-3371-45F1-818A-8182DDE6B3CF}.Release|iPhoneSimulator.Deploy.0 = Release|Any CPU
		{B94A720A-2985-4BE5-8BE8-561B01261528}.Ad-Hoc|Any CPU.ActiveCfg = Ad-Hoc|iPhone
		{B94A720A-2985-4BE5-8BE8-561B01261528}.Ad-Hoc|Any CPU.Build.0 = Ad-Hoc|iPhone
		{B94A720A-2985-4BE5-8BE8-561B01261528}.Ad-Hoc|Any CPU.Deploy.0 = Ad-Hoc|iPhone
		{B94A720A-2985-4BE5-8BE8-561B01261528}.Ad-Hoc|iPhone.ActiveCfg = Ad-Hoc|iPhone
		{B94A720A-2985-4BE5-8BE8-561B01261528}.Ad-Hoc|iPhone.Build.0 = Ad-Hoc|iPhone
		{B94A720A-2985-4BE5-8BE8-561B01261528}.Ad-Hoc|iPhone.Deploy.0 = Ad-Hoc|iPhone
		{B94A720A-2985-4BE5-8BE8-561B01261528}.Ad-Hoc|iPhoneSimulator.ActiveCfg = Ad-Hoc|iPhoneSimulator
		{B94A720A-2985-4BE5-8BE8-561B01261528}.Ad-Hoc|iPhoneSimulator.Build.0 = Ad-Hoc|iPhoneSimulator
		{B94A720A-2985-4BE5-8BE8-561B01261528}.Ad-Hoc|iPhoneSimulator.Deploy.0 = Ad-Hoc|iPhoneSimulator
		{B94A720A-2985-4BE5-8BE8-561B01261528}.AppStore|Any CPU.ActiveCfg = AppStore|iPhone
		{B94A720A-2985-4BE5-8BE8-561B01261528}.AppStore|Any CPU.Build.0 = AppStore|iPhone
		{B94A720A-2985-4BE5-8BE8-561B01261528}.AppStore|Any CPU.Deploy.0 = AppStore|iPhone
		{B94A720A-2985-4BE5-8BE8-561B01261528}.AppStore|iPhone.ActiveCfg = AppStore|iPhone
		{B94A720A-2985-4BE5-8BE8-561B01261528}.AppStore|iPhone.Build.0 = AppStore|iPhone
		{B94A720A-2985-4BE5-8BE8-561B01261528}.AppStore|iPhone.Deploy.0 = AppStore|iPhone
		{B94A720A-2985-4BE5-8BE8-561B01261528}.AppStore|iPhoneSimulator.ActiveCfg = AppStore|iPhoneSimulator
		{B94A720A-2985-4BE5-8BE8-561B01261528}.AppStore|iPhoneSimulator.Build.0 = AppStore|iPhoneSimulator
		{B94A720A-2985-4BE5-8BE8-561B01261528}.AppStore|iPhoneSimulator.Deploy.0 = AppStore|iPhoneSimulator
		{B94A720A-2985-4BE5-8BE8-561B01261528}.Debug|Any CPU.ActiveCfg = Debug|iPhoneSimulator
		{B94A720A-2985-4BE5-8BE8-561B01261528}.Debug|Any CPU.Build.0 = Debug|iPhoneSimulator
		{B94A720A-2985-4BE5-8BE8-561B01261528}.Debug|Any CPU.Deploy.0 = Debug|iPhoneSimulator
		{B94A720A-2985-4BE5-8BE8-561B01261528}.Debug|iPhone.ActiveCfg = Debug|iPhone
		{B94A720A-2985-4BE5-8BE8-561B01261528}.Debug|iPhone.Build.0 = Debug|iPhone
		{B94A720A-2985-4BE5-8BE8-561B01261528}.Debug|iPhone.Deploy.0 = Debug|iPhone
		{B94A720A-2985-4BE5-8BE8-561B01261528}.Debug|iPhoneSimulator.ActiveCfg = Debug|iPhoneSimulator
		{B94A720A-2985-4BE5-8BE8-561B01261528}.Debug|iPhoneSimulator.Build.0 = Debug|iPhoneSimulator
		{B94A720A-2985-4BE5-8BE8-561B01261528}.Debug|iPhoneSimulator.Deploy.0 = Debug|iPhoneSimulator
		{B94A720A-2985-4BE5-8BE8-561B01261528}.Release|Any CPU.ActiveCfg = Release|iPhone
		{B94A720A-2985-4BE5-8BE8-561B01261528}.Release|Any CPU.Build.0 = Release|iPhone
		{B94A720A-2985-4BE5-8BE8-561B01261528}.Release|Any CPU.Deploy.0 = Release|iPhone
		{B94A720A-2985-4BE5-8BE8-561B01261528}.Release|iPhone.ActiveCfg = Release|iPhone
		{B94A720A-2985-4BE5-8BE8-561B01261528}.Release|iPhone.Build.0 = Release|iPhone
		{B94A720A-2985-4BE5-8BE8-561B01261528}.Release|iPhone.Deploy.0 = Release|iPhone
		{B94A720A-2985-4BE5-8BE8-561B01261528}.Release|iPhoneSimulator.ActiveCfg = Release|iPhoneSimulator
		{B94A720A-2985-4BE5-8BE8-561B01261528}.Release|iPhoneSimulator.Build.0 = Release|iPhoneSimulator
		{B94A720A-2985-4BE5-8BE8-561B01261528}.Release|iPhoneSimulator.Deploy.0 = Release|iPhoneSimulator
		{F85B2E00-8ECE-4A2C-852C-ADE31189C040}.Ad-Hoc|Any CPU.ActiveCfg = Debug|Any CPU
		{F85B2E00-8ECE-4A2C-852C-ADE31189C040}.Ad-Hoc|Any CPU.Build.0 = Debug|Any CPU
		{F85B2E00-8ECE-4A2C-852C-ADE31189C040}.Ad-Hoc|Any CPU.Deploy.0 = Debug|Any CPU
		{F85B2E00-8ECE-4A2C-852C-ADE31189C040}.Ad-Hoc|iPhone.ActiveCfg = Debug|Any CPU
		{F85B2E00-8ECE-4A2C-852C-ADE31189C040}.Ad-Hoc|iPhone.Build.0 = Debug|Any CPU
		{F85B2E00-8ECE-4A2C-852C-ADE31189C040}.Ad-Hoc|iPhone.Deploy.0 = Debug|Any CPU
		{F85B2E00-8ECE-4A2C-852C-ADE31189C040}.Ad-Hoc|iPhoneSimulator.ActiveCfg = Debug|Any CPU
		{F85B2E00-8ECE-4A2C-852C-ADE31189C040}.Ad-Hoc|iPhoneSimulator.Build.0 = Debug|Any CPU
		{F85B2E00-8ECE-4A2C-852C-ADE31189C040}.Ad-Hoc|iPhoneSimulator.Deploy.0 = Debug|Any CPU
		{F85B2E00-8ECE-4A2C-852C-ADE31189C040}.AppStore|Any CPU.ActiveCfg = Debug|Any CPU
		{F85B2E00-8ECE-4A2C-852C-ADE31189C040}.AppStore|Any CPU.Build.0 = Debug|Any CPU
		{F85B2E00-8ECE-4A2C-852C-ADE31189C040}.AppStore|Any CPU.Deploy.0 = Debug|Any CPU
		{F85B2E00-8ECE-4A2C-852C-ADE31189C040}.AppStore|iPhone.ActiveCfg = Debug|Any CPU
		{F85B2E00-8ECE-4A2C-852C-ADE31189C040}.AppStore|iPhone.Build.0 = Debug|Any CPU
		{F85B2E00-8ECE-4A2C-852C-ADE31189C040}.AppStore|iPhone.Deploy.0 = Debug|Any CPU
		{F85B2E00-8ECE-4A2C-852C-ADE31189C040}.AppStore|iPhoneSimulator.ActiveCfg = Debug|Any CPU
		{F85B2E00-8ECE-4A2C-852C-ADE31189C040}.AppStore|iPhoneSimulator.Build.0 = Debug|Any CPU
		{F85B2E00-8ECE-4A2C-852C-ADE31189C040}.AppStore|iPhoneSimulator.Deploy.0 = Debug|Any CPU
		{F85B2E00-8ECE-4A2C-852C-ADE31189C040}.Debug|Any CPU.ActiveCfg = Debug|Any CPU
		{F85B2E00-8ECE-4A2C-852C-ADE31189C040}.Debug|Any CPU.Build.0 = Debug|Any CPU
		{F85B2E00-8ECE-4A2C-852C-ADE31189C040}.Debug|Any CPU.Deploy.0 = Debug|Any CPU
		{F85B2E00-8ECE-4A2C-852C-ADE31189C040}.Debug|iPhone.ActiveCfg = Debug|Any CPU
		{F85B2E00-8ECE-4A2C-852C-ADE31189C040}.Debug|iPhone.Build.0 = Debug|Any CPU
		{F85B2E00-8ECE-4A2C-852C-ADE31189C040}.Debug|iPhone.Deploy.0 = Debug|Any CPU
		{F85B2E00-8ECE-4A2C-852C-ADE31189C040}.Debug|iPhoneSimulator.ActiveCfg = Debug|Any CPU
		{F85B2E00-8ECE-4A2C-852C-ADE31189C040}.Debug|iPhoneSimulator.Build.0 = Debug|Any CPU
		{F85B2E00-8ECE-4A2C-852C-ADE31189C040}.Debug|iPhoneSimulator.Deploy.0 = Debug|Any CPU
		{F85B2E00-8ECE-4A2C-852C-ADE31189C040}.Release|Any CPU.ActiveCfg = Release|Any CPU
		{F85B2E00-8ECE-4A2C-852C-ADE31189C040}.Release|Any CPU.Build.0 = Release|Any CPU
		{F85B2E00-8ECE-4A2C-852C-ADE31189C040}.Release|Any CPU.Deploy.0 = Release|Any CPU
		{F85B2E00-8ECE-4A2C-852C-ADE31189C040}.Release|iPhone.ActiveCfg = Release|Any CPU
		{F85B2E00-8ECE-4A2C-852C-ADE31189C040}.Release|iPhone.Build.0 = Release|Any CPU
		{F85B2E00-8ECE-4A2C-852C-ADE31189C040}.Release|iPhone.Deploy.0 = Release|Any CPU
		{F85B2E00-8ECE-4A2C-852C-ADE31189C040}.Release|iPhoneSimulator.ActiveCfg = Release|Any CPU
		{F85B2E00-8ECE-4A2C-852C-ADE31189C040}.Release|iPhoneSimulator.Build.0 = Release|Any CPU
		{F85B2E00-8ECE-4A2C-852C-ADE31189C040}.Release|iPhoneSimulator.Deploy.0 = Release|Any CPU
		{1BAAF929-879B-4DF8-B661-532BBBEB7112}.Ad-Hoc|Any CPU.ActiveCfg = Release|Any CPU
		{1BAAF929-879B-4DF8-B661-532BBBEB7112}.Ad-Hoc|Any CPU.Build.0 = Release|Any CPU
		{1BAAF929-879B-4DF8-B661-532BBBEB7112}.Ad-Hoc|iPhone.ActiveCfg = Release|Any CPU
		{1BAAF929-879B-4DF8-B661-532BBBEB7112}.Ad-Hoc|iPhone.Build.0 = Release|Any CPU
		{1BAAF929-879B-4DF8-B661-532BBBEB7112}.Ad-Hoc|iPhoneSimulator.ActiveCfg = Release|Any CPU
		{1BAAF929-879B-4DF8-B661-532BBBEB7112}.Ad-Hoc|iPhoneSimulator.Build.0 = Release|Any CPU
		{1BAAF929-879B-4DF8-B661-532BBBEB7112}.AppStore|Any CPU.ActiveCfg = Release|Any CPU
		{1BAAF929-879B-4DF8-B661-532BBBEB7112}.AppStore|Any CPU.Build.0 = Release|Any CPU
		{1BAAF929-879B-4DF8-B661-532BBBEB7112}.AppStore|iPhone.ActiveCfg = Release|Any CPU
		{1BAAF929-879B-4DF8-B661-532BBBEB7112}.AppStore|iPhone.Build.0 = Release|Any CPU
		{1BAAF929-879B-4DF8-B661-532BBBEB7112}.AppStore|iPhoneSimulator.ActiveCfg = Release|Any CPU
		{1BAAF929-879B-4DF8-B661-532BBBEB7112}.AppStore|iPhoneSimulator.Build.0 = Release|Any CPU
		{1BAAF929-879B-4DF8-B661-532BBBEB7112}.Debug|Any CPU.ActiveCfg = Debug|Any CPU
		{1BAAF929-879B-4DF8-B661-532BBBEB7112}.Debug|Any CPU.Build.0 = Debug|Any CPU
		{1BAAF929-879B-4DF8-B661-532BBBEB7112}.Debug|iPhone.ActiveCfg = Debug|Any CPU
		{1BAAF929-879B-4DF8-B661-532BBBEB7112}.Debug|iPhone.Build.0 = Debug|Any CPU
		{1BAAF929-879B-4DF8-B661-532BBBEB7112}.Debug|iPhoneSimulator.ActiveCfg = Debug|Any CPU
		{1BAAF929-879B-4DF8-B661-532BBBEB7112}.Debug|iPhoneSimulator.Build.0 = Debug|Any CPU
		{1BAAF929-879B-4DF8-B661-532BBBEB7112}.Release|Any CPU.ActiveCfg = Release|Any CPU
		{1BAAF929-879B-4DF8-B661-532BBBEB7112}.Release|Any CPU.Build.0 = Release|Any CPU
		{1BAAF929-879B-4DF8-B661-532BBBEB7112}.Release|iPhone.ActiveCfg = Release|Any CPU
		{1BAAF929-879B-4DF8-B661-532BBBEB7112}.Release|iPhone.Build.0 = Release|Any CPU
		{1BAAF929-879B-4DF8-B661-532BBBEB7112}.Release|iPhoneSimulator.ActiveCfg = Release|Any CPU
		{1BAAF929-879B-4DF8-B661-532BBBEB7112}.Release|iPhoneSimulator.Build.0 = Release|Any CPU
	EndGlobalSection
	GlobalSection(SolutionProperties) = preSolution
		HideSolutionNode = FALSE
	EndGlobalSection
	GlobalSection(ExtensibilityGlobals) = postSolution
		SolutionGuid = {3B74D814-CDE5-4F1F-997F-138AFF70A2B4}
	EndGlobalSection
EndGlobal
